Microsoft Visual Studio Solution File, Format Version 12.00
# Visual Studio Version 17
VisualStudioVersion = 17.5.2.0
MinimumVisualStudioVersion = 10.0.40219.1
Project("{FAE04EC0-301F-11D3-BF4B-00C04F79EFBC}") = "func-glogsb-net", "func-glogsb-net\func-glogsb-net.csproj", "{F764095E-3C63-D6D0-F45B-970005CF1FC2}"
EndProject
Global
	GlobalSection(SolutionConfigurationPlatforms) = preSolution
		Debug|Any CPU = Debug|Any CPU
		Release|Any CPU = Release|Any CPU
	EndGlobalSection
	GlobalSection(ProjectConfigurationPlatforms) = postSolution
		{F764095E-3C63-D6D0-F45B-970005CF1FC2}.Debug|Any CPU.ActiveCfg = Debug|Any CPU
		{F764095E-3C63-D6D0-F45B-970005CF1FC2}.Debug|Any CPU.Build.0 = Debug|Any CPU
		{F764095E-3C63-D6D0-F45B-970005CF1FC2}.Release|Any CPU.ActiveCfg = Release|Any CPU
		{F764095E-3C63-D6D0-F45B-970005CF1FC2}.Release|Any CPU.Build.0 = Release|Any CPU
	EndGlobalSection
	GlobalSection(SolutionProperties) = preSolution
		HideSolutionNode = FALSE
	EndGlobalSection
	GlobalSection(ExtensibilityGlobals) = postSolution
		SolutionGuid = {AF78191F-386B-4146-86CB-B6D25E85DF04}
	EndGlobalSection
EndGlobal
